
Microsoft Visual Studio Solution File, Format Version 12.00
# Visual Studio 14
VisualStudioVersion = 14.0.25420.1
MinimumVisualStudioVersion = 10.0.40219.1
Project("{FAE04EC0-301F-11D3-BF4B-00C04F79EFBC}") = "Web_API_JWT", "Web_API_JWT\Web_API_JWT.csproj", "{57B1C0A8-07CE-4E0A-A743-98491D3A5529}"
EndProject
Global
	GlobalSection(SolutionConfigurationPlatforms) = preSolution
		Debug|Any CPU = Debug|Any CPU
		Release|Any CPU = Release|Any CPU
	EndGlobalSection
	GlobalSection(ProjectConfigurationPlatforms) = postSolution
		{57B1C0A8-07CE-4E0A-A743-98491D3A5529}.Debug|Any CPU.ActiveCfg = Debug|Any CPU
		{57B1C0A8-07CE-4E0A-A743-98491D3A5529}.Debug|Any CPU.Build.0 = Debug|Any CPU
		{57B1C0A8-07CE-4E0A-A743-98491D3A5529}.Release|Any CPU.ActiveCfg = Release|Any CPU
		{57B1C0A8-07CE-4E0A-A743-98491D3A5529}.Release|Any CPU.Build.0 = Release|Any CPU
	EndGlobalSection
	GlobalSection(SolutionProperties) = preSolution
		HideSolutionNode = FALSE
	EndGlobalSection
EndGlobal
